// !$*UTF8*$!
{
	archiveVersion = 1;
	classes = {
	};
	objectVersion = 50;
	objects = {

/* Begin PBXBuildFile section */
		F0251A22254AB8DB008300EC /* NSObject+YJKVO.m in Sources */ = {isa = PBXBuildFile; fileRef = F0251A21254AB8DB008300EC /* NSObject+YJKVO.m */; };
		F02FB868254907E700F2C83C /* AppDelegate.m in Sources */ = {isa = PBXBuildFile; fileRef = F02FB867254907E700F2C83C /* AppDelegate.m */; };
		F02FB86B254907E700F2C83C /* SceneDelegate.m in Sources */ = {isa = PBXBuildFile; fileRef = F02FB86A254907E700F2C83C /* SceneDelegate.m */; };
		F02FB86E254907E700F2C83C /* ViewController.m in Sources */ = {isa = PBXBuildFile; fileRef = F02FB86D254907E700F2C83C /* ViewController.m */; };
		F02FB871254907E700F2C83C /* Main.storyboard in Resources */ = {isa = PBXBuildFile; fileRef = F02FB86F254907E700F2C83C /* Main.storyboard */; };
		F02FB873254907EA00F2C83C /* Assets.xcassets in Resources */ = {isa = PBXBuildFile; fileRef = F02FB872254907EA00F2C83C /* Assets.xcassets */; };
		F02FB876254907EA00F2C83C /* LaunchScreen.storyboard in Resources */ = {isa = PBXBuildFile; fileRef = F02FB874254907EA00F2C83C /* LaunchScreen.storyboard */; };
		F02FB879254907EA00F2C83C /* main.m in Sources */ = {isa = PBXBuildFile; fileRef = F02FB878254907EA00F2C83C /* main.m */; };
		F02FB8862549095E00F2C83C /* Person.m in Sources */ = {isa = PBXBuildFile; fileRef = F02FB8852549095E00F2C83C /* Person.m */; };
/* End PBXBuildFile section */

/* Begin PBXFileReference section */
		F0251A20254AB8DB008300EC /* NSObject+YJKVO.h */ = {isa = PBXFileReference; lastKnownFileType = sourcecode.c.h; path = "NSObject+YJKVO.h"; sourceTree = "<group>"; };
		F0251A21254AB8DB008300EC /* NSObject+YJKVO.m */ = {isa = PBXFileReference; lastKnownFileType = sourcecode.c.objc; path = "NSObject+YJKVO.m"; sourceTree = "<group>"; };
		F02FB863254907E700F2C83C /* KVCKVODemo.app */ = {isa = PBXFileReference; explicitFileType = wrapper.application; includeInIndex = 0; path = KVCKVODemo.app; sourceTree = BUILT_PRODUCTS_DIR; };
		F02FB866254907E700F2C83C /* AppDelegate.h */ = {isa = PBXFileReference; lastKnownFileType = sourcecode.c.h; path = AppDelegate.h; sourceTree = "<group>"; };
		F02FB867254907E700F2C83C /* AppDelegate.m */ = {isa = PBXFileReference; lastKnownFileType = sourcecode.c.objc; path = AppDelegate.m; sourceTree = "<group>"; };
		F02FB869254907E700F2C83C /* SceneDelegate.h */ = {isa = PBXFileReference; lastKnownFileType = sourcecode.c.h; path = SceneDelegate.h; sourceTree = "<group>"; };
		F02FB86A254907E700F2C83C /* SceneDelegate.m */ = {isa = PBXFileReference; lastKnownFileType = sourcecode.c.objc; path = SceneDelegate.m; sourceTree = "<group>"; };
		F02FB86C254907E700F2C83C /* ViewController.h */ = {isa = PBXFileReference; lastKnownFileType = sourcecode.c.h; path = ViewController.h; sourceTree = "<group>"; };
		F02FB86D254907E700F2C83C /* ViewController.m */ = {isa = PBXFileReference; lastKnownFileType = sourcecode.c.objc; path = ViewController.m; sourceTree = "<group>"; };
		F02FB870254907E700F2C83C /* Base */ = {isa = PBXFileReference; lastKnownFileType = file.storyboard; name = Base; path = Base.lproj/Main.storyboard; sourceTree = "<group>"; };
		F02FB872254907EA00F2C83C /* Assets.xcassets */ = {isa = PBXFileReference; lastKnownFileType = folder.assetcatalog; path = Assets.xcassets; sourceTree = "<group>"; };
		F02FB875254907EA00F2C83C /* Base */ = {isa = PBXFileReference; lastKnownFileType = file.storyboard; name = Base; path = Base.lproj/LaunchScreen.storyboard; sourceTree = "<group>"; };
		F02FB877254907EA00F2C83C /* Info.plist */ = {isa = PBXFileReference; lastKnownFileType = text.plist.xml; path = Info.plist; sourceTree = "<group>"; };
		F02FB878254907EA00F2C83C /* main.m */ = {isa = PBXFileReference; lastKnownFileType = sourcecode.c.objc; path = main.m; sourceTree = "<group>"; };
		F02FB8842549095E00F2C83C /* Person.h */ = {isa = PBXFileReference; lastKnownFileType = sourcecode.c.h; path = Person.h; sourceTree = "<group>"; };
		F02FB8852549095E00F2C83C /* Person.m */ = {isa = PBXFileReference; lastKnownFileType = sourcecode.c.objc; path = Person.m; sourceTree = "<group>"; };
/* End PBXFileReference section */

/* Begin PBXFrameworksBuildPhase section */
		F02FB860254907E700F2C83C /* Frameworks */ = {
			isa = PBXFrameworksBuildPhase;
			buildActionMask = 2147483647;
			files = (
			);
			runOnlyForDeploymentPostprocessing = 0;
		};
/* End PBXFrameworksBuildPhase section */

/* Begin PBXGroup section */
		F02FB85A254907E700F2C83C = {
			isa = PBXGroup;
			children = (
				F02FB865254907E700F2C83C /* KVCKVODemo */,
				F02FB864254907E700F2C83C /* Products */,
			);
			sourceTree = "<group>";
		};
		F02FB864254907E700F2C83C /* Products */ = {
			isa = PBXGroup;
			children = (
				F02FB863254907E700F2C83C /* KVCKVODemo.app */,
			);
			name = Products;
			sourceTree = "<group>";
		};
		F02FB865254907E700F2C83C /* KVCKVODemo */ = {
			isa = PBXGroup;
			children = (
				F02FB866254907E700F2C83C /* AppDelegate.h */,
				F02FB867254907E700F2C83C /* AppDelegate.m */,
				F02FB869254907E700F2C83C /* SceneDelegate.h */,
				F02FB86A254907E700F2C83C /* SceneDelegate.m */,
				F02FB86C254907E700F2C83C /* ViewController.h */,
				F02FB86D254907E700F2C83C /* ViewController.m */,
				F02FB882254908A000F2C83C /* KVC */,
				F02FB881254908A000F2C83C /* KVO */,
				F02FB86F254907E700F2C83C /* Main.storyboard */,
				F02FB872254907EA00F2C83C /* Assets.xcassets */,
				F02FB874254907EA00F2C83C /* LaunchScreen.storyboard */,
				F02FB877254907EA00F2C83C /* Info.plist */,
				F02FB878254907EA00F2C83C /* main.m */,
			);
			path = KVCKVODemo;
			sourceTree = "<group>";
		};
		F02FB881254908A000F2C83C /* KVO */ = {
			isa = PBXGroup;
			children = (
				F02FB8842549095E00F2C83C /* Person.h */,
				F02FB8852549095E00F2C83C /* Person.m */,
				F0251A20254AB8DB008300EC /* NSObject+YJKVO.h */,
				F0251A21254AB8DB008300EC /* NSObject+YJKVO.m */,
			);
			path = KVO;
			sourceTree = "<group>";
		};
		F02FB882254908A000F2C83C /* KVC */ = {
			isa = PBXGroup;
			children = (
			);
			path = KVC;
			sourceTree = "<group>";
		};
/* End PBXGroup section */

/* Begin PBXNativeTarget section */
		F02FB862254907E700F2C83C /* KVCKVODemo */ = {
			isa = PBXNativeTarget;
			buildConfigurationList = F02FB87C254907EA00F2C83C /* Build configuration list for PBXNativeTarget "KVCKVODemo" */;
			buildPhases = (
				F02FB85F254907E700F2C83C /* Sources */,
				F02FB860254907E700F2C83C /* Frameworks */,
				F02FB861254907E700F2C83C /* Resources */,
			);
			buildRules = (
			);
			dependencies = (
			);
			name = KVCKVODemo;
			productName = KVCKVODemo;
			productReference = F02FB863254907E700F2C83C /* KVCKVODemo.app */;
			productType = "com.apple.product-type.application";
		};
/* End PBXNativeTarget section */

/* Begin PBXProject section */
		F02FB85B254907E700F2C83C /* Project object */ = {
			isa = PBXProject;
			attributes = {
				LastUpgradeCheck = 1210;
				TargetAttributes = {
					F02FB862254907E700F2C83C = {
						CreatedOnToolsVersion = 12.1;
					};
				};
			};
			buildConfigurationList = F02FB85E254907E700F2C83C /* Build configuration list for PBXProject "KVCKVODemo" */;
			compatibilityVersion = "Xcode 9.3";
			developmentRegion = en;
			hasScannedForEncodings = 0;
			knownRegions = (
				en,
				Base,
			);
			mainGroup = F02FB85A254907E700F2C83C;
			productRefGroup = F02FB864254907E700F2C83C /* Products */;
			projectDirPath = "";
			projectRoot = "";
			targets = (
				F02FB862254907E700F2C83C /* KVCKVODemo */,
			);
		};
/* End PBXProject section */

/* Begin PBXResourcesBuildPhase section */
		F02FB861254907E700F2C83C /* Resources */ = {
			isa = PBXResourcesBuildPhase;
			buildActionMask = 2147483647;
			files = (
				F02FB876254907EA00F2C83C /* LaunchScreen.storyboard in Resources */,
				F02FB873254907EA00F2C83C /* Assets.xcassets in Resources */,
				F02FB871254907E700F2C83C /* Main.storyboard in Resources */,
			);
			runOnlyForDeploymentPostprocessing = 0;
		};
/* End PBXResourcesBuildPhase section */

/* Begin PBXSourcesBuildPhase section */
		F02FB85F254907E700F2C83C /* Sources */ = {
			isa = PBXSourcesBuildPhase;
			buildActionMask = 2147483647;
			files = (
				F02FB86E254907E700F2C83C /* ViewController.m in Sources */,
				F02FB868254907E700F2C83C /* AppDelegate.m in Sources */,
				F02FB8862549095E00F2C83C /* Person.m in Sources */,
				F02FB879254907EA00F2C83C /* main.m in Sources */,
				F02FB86B254907E700F2C83C /* SceneDelegate.m in Sources */,
				F0251A22254AB8DB008300EC /* NSObject+YJKVO.m in Sources */,
			);
			runOnlyForDeploymentPostprocessing = 0;
		};
/* End PBXSourcesBuildPhase section */

/* Begin PBXVariantGroup section */
		F02FB86F254907E700F2C83C /* Main.storyboard */ = {
			isa = PBXVariantGroup;
			children = (
				F02FB870254907E700F2C83C /* Base */,
			);
			name = Main.storyboard;
			sourceTree = "<group>";
		};
		F02FB874254907EA00F2C83C /* LaunchScreen.storyboard */ = {
			isa = PBXVariantGroup;
			children = (
				F02FB875254907EA00F2C83C /* Base */,
			);
			name = LaunchScreen.storyboard;
			sourceTree = "<group>";
		};
/* End PBXVariantGroup section */

/* Begin XCBuildConfiguration section */
		F02FB87A254907EA00F2C83C /* Debug */ = {
			isa = XCBuildConfiguration;
			buildSettings = {
				ALWAYS_SEARCH_USER_PATHS = NO;
				CLANG_ANALYZER_NONNULL = YES;
				CLANG_ANALYZER_NUMBER_OBJECT_CONVERSION = YES_AGGRESSIVE;
				CLANG_CXX_LANGUAGE_STANDARD = "gnu++14";
				CLANG_CXX_LIBRARY = "libc++";
				CLANG_ENABLE_MODULES = YES;
				CLANG_ENABLE_OBJC_ARC = YES;
				CLANG_ENABLE_OBJC_WEAK = YES;
				CLANG_WARN_BLOCK_CAPTURE_AUTORELEASING = YES;
				CLANG_WARN_BOOL_CONVERSION = YES;
				CLANG_WARN_COMMA = YES;
				CLANG_WARN_CONSTANT_CONVERSION = YES;
				CLANG_WARN_DEPRECATED_OBJC_IMPLEMENTATIONS = YES;
				CLANG_WARN_DIRECT_OBJC_ISA_USAGE = YES_ERROR;
				CLANG_WARN_DOCUMENTATION_COMMENTS = YES;
				CLANG_WARN_EMPTY_BODY = YES;
				CLANG_WARN_ENUM_CONVERSION = YES;
				CLANG_WARN_INFINITE_RECURSION = YES;
				CLANG_WARN_INT_CONVERSION = YES;
				CLANG_WARN_NON_LITERAL_NULL_CONVERSION = YES;
				CLANG_WARN_OBJC_IMPLICIT_RETAIN_SELF = YES;
				CLANG_WARN_OBJC_LITERAL_CONVERSION = YES;
				CLANG_WARN_OBJC_ROOT_CLASS = YES_ERROR;
				CLANG_WARN_QUOTED_INCLUDE_IN_FRAMEWORK_HEADER = YES;
				CLANG_WARN_RANGE_LOOP_ANALYSIS = YES;
				CLANG_WARN_STRICT_PROTOTYPES = YES;
				CLANG_WARN_SUSPICIOUS_MOVE = YES;
				CLANG_WARN_UNGUARDED_AVAILABILITY = YES_AGGRESSIVE;
				CLANG_WARN_UNREACHABLE_CODE = YES;
				CLANG_WARN__DUPLICATE_METHOD_MATCH = YES;
				COPY_PHASE_STRIP = NO;
				DEBUG_INFORMATION_FORMAT = dwarf;
				ENABLE_STRICT_OBJC_MSGSEND = YES;
				ENABLE_TESTABILITY = YES;
				GCC_C_LANGUAGE_STANDARD = gnu11;
				GCC_DYNAMIC_NO_PIC = NO;
				GCC_NO_COMMON_BLOCKS = YES;
				GCC_OPTIMIZATION_LEVEL = 0;
				GCC_PREPROCESSOR_DEFINITIONS = (
					"DEBUG=1",
					"$(inherited)",
				);
				GCC_WARN_64_TO_32_BIT_CONVERSION = YES;
				GCC_WARN_ABOUT_RETURN_TYPE = YES_ERROR;
				GCC_WARN_UNDECLARED_SELECTOR = YES;
				GCC_WARN_UNINITIALIZED_AUTOS = YES_AGGRESSIVE;
				GCC_WARN_UNUSED_FUNCTION = YES;
				GCC_WARN_UNUSED_VARIABLE = YES;
				IPHONEOS_DEPLOYMENT_TARGET = 10.0;
				MTL_ENABLE_DEBUG_INFO = INCLUDE_SOURCE;
				MTL_FAST_MATH = YES;
				ONLY_ACTIVE_ARCH = YES;
				SDKROOT = iphoneos;
			};
			name = Debug;
		};
		F02FB87B254907EA00F2C83C /* Release */ = {
			isa = XCBuildConfiguration;
			buildSettings = {
				ALWAYS_SEARCH_USER_PATHS = NO;
				CLANG_ANALYZER_NONNULL = YES;
				CLANG_ANALYZER_NUMBER_OBJECT_CONVERSION = YES_AGGRESSIVE;
				CLANG_CXX_LANGUAGE_STANDARD = "gnu++14";
				CLANG_CXX_LIBRARY = "libc++";
				CLANG_ENABLE_MODULES = YES;
				CLANG_ENABLE_OBJC_ARC = YES;
				CLANG_ENABLE_OBJC_WEAK = YES;
				CLANG_WARN_BLOCK_CAPTURE_AUTORELEASING = YES;
				CLANG_WARN_BOOL_CONVERSION = YES;
				CLANG_WARN_COMMA = YES;
				CLANG_WARN_CONSTANT_CONVERSION = YES;
				CLANG_WARN_DEPRECATED_OBJC_IMPLEMENTATIONS = YES;
				CLANG_WARN_DIRECT_OBJC_ISA_USAGE = YES_ERROR;
				CLANG_WARN_DOCUMENTATION_COMMENTS = YES;
				CLANG_WARN_EMPTY_BODY = YES;
				CLANG_WARN_ENUM_CONVERSION = YES;
				CLANG_WARN_INFINITE_RECURSION = YES;
				CLANG_WARN_INT_CONVERSION = YES;
				CLANG_WARN_NON_LITERAL_NULL_CONVERSION = YES;
				CLANG_WARN_OBJC_IMPLICIT_RETAIN_SELF = YES;
				CLANG_WARN_OBJC_LITERAL_CONVERSION = YES;
				CLANG_WARN_OBJC_ROOT_CLASS = YES_ERROR;
				CLANG_WARN_QUOTED_INCLUDE_IN_FRAMEWORK_HEADER = YES;
				CLANG_WARN_RANGE_LOOP_ANALYSIS = YES;
				CLANG_WARN_STRICT_PROTOTYPES = YES;
				CLANG_WARN_SUSPICIOUS_MOVE = YES;
				CLANG_WARN_UNGUARDED_AVAILABILITY = YES_AGGRESSIVE;
				CLANG_WARN_UNREACHABLE_CODE = YES;
				CLANG_WARN__DUPLICATE_METHOD_MATCH = YES;
				COPY_PHASE_STRIP = NO;
				DEBUG_INFORMATION_FORMAT = "dwarf-with-dsym";
				ENABLE_NS_ASSERTIONS = NO;
				ENABLE_STRICT_OBJC_MSGSEND = YES;
				GCC_C_LANGUAGE_STANDARD = gnu11;
				GCC_NO_COMMON_BLOCKS = YES;
				GCC_WARN_64_TO_32_BIT_CONVERSION = YES;
				GCC_WARN_ABOUT_RETURN_TYPE = YES_ERROR;
				GCC_WARN_UNDECLARED_SELECTOR = YES;
				GCC_WARN_UNINITIALIZED_AUTOS = YES_AGGRESSIVE;
				GCC_WARN_UNUSED_FUNCTION = YES;
				GCC_WARN_UNUSED_VARIABLE = YES;
				IPHONEOS_DEPLOYMENT_TARGET = 10.0;
				MTL_ENABLE_DEBUG_INFO = NO;
				MTL_FAST_MATH = YES;
				SDKROOT = iphoneos;
				VALIDATE_PRODUCT = YES;
			};
			name = Release;
		};
		F02FB87D254907EA00F2C83C /* Debug */ = {
			isa = XCBuildConfiguration;
			buildSettings = {
				ASSETCATALOG_COMPILER_APPICON_NAME = AppIcon;
				ASSETCATALOG_COMPILER_GLOBAL_ACCENT_COLOR_NAME = AccentColor;
				CODE_SIGN_STYLE = Automatic;
				DEVELOPMENT_TEAM = SJL8VNF3PF;
				ENABLE_STRICT_OBJC_MSGSEND = NO;
				INFOPLIST_FILE = KVCKVODemo/Info.plist;
				LD_RUNPATH_SEARCH_PATHS = (
					"$(inherited)",
					"@executable_path/Frameworks",
				);
				PRODUCT_BUNDLE_IDENTIFIER = YongJie.KVCKVODemo;
				PRODUCT_NAME = "$(TARGET_NAME)";
				TARGETED_DEVICE_FAMILY = "1,2";
			};
			name = Debug;
		};
		F02FB87E254907EA00F2C83C /* Release */ = {
			isa = XCBuildConfiguration;
			buildSettings = {
				ASSETCATALOG_COMPILER_APPICON_NAME = AppIcon;
				ASSETCATALOG_COMPILER_GLOBAL_ACCENT_COLOR_NAME = AccentColor;
				CODE_SIGN_STYLE = Automatic;
				DEVELOPMENT_TEAM = SJL8VNF3PF;
				ENABLE_STRICT_OBJC_MSGSEND = NO;
				INFOPLIST_FILE = KVCKVODemo/Info.plist;
				LD_RUNPATH_SEARCH_PATHS = (
					"$(inherited)",
					"@executable_path/Frameworks",
				);
				PRODUCT_BUNDLE_IDENTIFIER = YongJie.KVCKVODemo;
				PRODUCT_NAME = "$(TARGET_NAME)";
				TARGETED_DEVICE_FAMILY = "1,2";
			};
			name = Release;
		};
/* End XCBuildConfiguration section */

/* Begin XCConfigurationList section */
		F02FB85E254907E700F2C83C /* Build configuration list for PBXProject "KVCKVODemo" */ = {
			isa = XCConfigurationList;
			buildConfigurations = (
				F02FB87A254907EA00F2C83C /* Debug */,
				F02FB87B254907EA00F2C83C /* Release */,
			);
			defaultConfigurationIsVisible = 0;
			defaultConfigurationName = Release;
		};
		F02FB87C254907EA00F2C83C /* Build configuration list for PBXNativeTarget "KVCKVODemo" */ = {
			isa = XCConfigurationList;
			buildConfigurations = (
				F02FB87D254907EA00F2C83C /* Debug */,
				F02FB87E254907EA00F2C83C /* Release */,
			);
			defaultConfigurationIsVisible = 0;
			defaultConfigurationName = Release;
		};
/* End XCConfigurationList section */
	};
	rootObject = F02FB85B254907E700F2C83C /* Project object */;
}
